// !$*UTF8*$!
{
	archiveVersion = 1;
	classes = {
	};
	objectVersion = 50;
	objects = {

/* Begin PBXBuildFile section */
		D636F924240655AB004C7715 /* DIContainer.swift in Sources */ = {isa = PBXBuildFile; fileRef = D636F923240655AB004C7715 /* DIContainer.swift */; };
		D636F9272406566F004C7715 /* AppEnvironment.swift in Sources */ = {isa = PBXBuildFile; fileRef = D636F9262406566F004C7715 /* AppEnvironment.swift */; };
		D636F92A24065850004C7715 /* ImageDataInteractor.swift in Sources */ = {isa = PBXBuildFile; fileRef = D636F9292406584F004C7715 /* ImageDataInteractor.swift */; };
		D636F935240733B9004C7715 /* Helpers.swift in Sources */ = {isa = PBXBuildFile; fileRef = D636F934240733B9004C7715 /* Helpers.swift */; };
		D636F93724073619004C7715 /* AppState.swift in Sources */ = {isa = PBXBuildFile; fileRef = D636F93624073619004C7715 /* AppState.swift */; };
		D636F93924073B7A004C7715 /* Loadable.swift in Sources */ = {isa = PBXBuildFile; fileRef = D636F93824073B7A004C7715 /* Loadable.swift */; };
		D636F93B24073DE5004C7715 /* BreedListInteractor.swift in Sources */ = {isa = PBXBuildFile; fileRef = D636F93A24073DE5004C7715 /* BreedListInteractor.swift */; };
		D636F93D24073E67004C7715 /* DogImageListInteractor.swift in Sources */ = {isa = PBXBuildFile; fileRef = D636F93C24073E67004C7715 /* DogImageListInteractor.swift */; };
		D636F94024075FB8004C7715 /* ContentView.swift in Sources */ = {isa = PBXBuildFile; fileRef = D636F93F24075FB8004C7715 /* ContentView.swift */; };
		D647CC2324085CC300F86F58 /* BreedListInteractorTests.swift in Sources */ = {isa = PBXBuildFile; fileRef = D647CC2224085CC300F86F58 /* BreedListInteractorTests.swift */; };
		D649C5A324020B040053CDD7 /* BreedListViewState.swift in Sources */ = {isa = PBXBuildFile; fileRef = D649C5A224020B040053CDD7 /* BreedListViewState.swift */; };
		D649C5A824020BF30053CDD7 /* BreedListView.swift in Sources */ = {isa = PBXBuildFile; fileRef = D649C5A724020BF30053CDD7 /* BreedListView.swift */; };
		D649C5AB24020C800053CDD7 /* SearchBar.swift in Sources */ = {isa = PBXBuildFile; fileRef = D649C5AA24020C800053CDD7 /* SearchBar.swift */; };
		D649C5AD2402104A0053CDD7 /* ActivityIndicator.swift in Sources */ = {isa = PBXBuildFile; fileRef = D649C5AC2402104A0053CDD7 /* ActivityIndicator.swift */; };
		D649C5B0240211850053CDD7 /* ErrorView.swift in Sources */ = {isa = PBXBuildFile; fileRef = D649C5AF240211850053CDD7 /* ErrorView.swift */; };
		D649C5B2240213090053CDD7 /* LoadingView.swift in Sources */ = {isa = PBXBuildFile; fileRef = D649C5B1240213090053CDD7 /* LoadingView.swift */; };
		D649C5B724024A0B0053CDD7 /* BreedRow.swift in Sources */ = {isa = PBXBuildFile; fileRef = D649C5B624024A0B0053CDD7 /* BreedRow.swift */; };
		D649C5B924024A930053CDD7 /* BreedListResultView.swift in Sources */ = {isa = PBXBuildFile; fileRef = D649C5B824024A930053CDD7 /* BreedListResultView.swift */; };
		D64A6E69240A0A8200E6AE89 /* LoadableTests.swift in Sources */ = {isa = PBXBuildFile; fileRef = D64A6E68240A0A8200E6AE89 /* LoadableTests.swift */; };
		D64A6E6C240AFE3C00E6AE89 /* DogImageDataCache.swift in Sources */ = {isa = PBXBuildFile; fileRef = D64A6E6B240AFE3C00E6AE89 /* DogImageDataCache.swift */; };
		D64A6E6E240B00F800E6AE89 /* DogImageDataMemoryCache.swift in Sources */ = {isa = PBXBuildFile; fileRef = D64A6E6D240B00F800E6AE89 /* DogImageDataMemoryCache.swift */; };
		D64A6E71240B32CB00E6AE89 /* ImageDataMemoryCacheTests.swift in Sources */ = {isa = PBXBuildFile; fileRef = D64A6E70240B32CB00E6AE89 /* ImageDataMemoryCacheTests.swift */; };
		D64A6E73240B44E500E6AE89 /* ImageDataInteractorTests.swift in Sources */ = {isa = PBXBuildFile; fileRef = D64A6E72240B44E500E6AE89 /* ImageDataInteractorTests.swift */; };
		D64A6E75240B462300E6AE89 /* MockedLocalCaches.swift in Sources */ = {isa = PBXBuildFile; fileRef = D64A6E74240B462300E6AE89 /* MockedLocalCaches.swift */; };
		D64AD3E624103D37000A7138 /* FavoriteBadge.swift in Sources */ = {isa = PBXBuildFile; fileRef = D64AD3E524103D37000A7138 /* FavoriteBadge.swift */; };
		D64AD3E824119246000A7138 /* FavoriteDogImageURLsStore.swift in Sources */ = {isa = PBXBuildFile; fileRef = D64AD3E724119246000A7138 /* FavoriteDogImageURLsStore.swift */; };
		D64C344824077DD700FDEFB9 /* WebAPI.swift in Sources */ = {isa = PBXBuildFile; fileRef = D64C344724077DD700FDEFB9 /* WebAPI.swift */; };
		D64C344A2407A8B500FDEFB9 /* BreedListLoader.swift in Sources */ = {isa = PBXBuildFile; fileRef = D64C34492407A8B500FDEFB9 /* BreedListLoader.swift */; };
		D64C344E2407AA9C00FDEFB9 /* ImageDataLoader.swift in Sources */ = {isa = PBXBuildFile; fileRef = D64C344D2407AA9C00FDEFB9 /* ImageDataLoader.swift */; };
		D655EE7B2414641200E33C98 /* CollectionView.swift in Sources */ = {isa = PBXBuildFile; fileRef = D655EE7A2414641200E33C98 /* CollectionView.swift */; };
		D660FCFE240EEBD00076A331 /* AsyncImage.swift in Sources */ = {isa = PBXBuildFile; fileRef = D660FCFD240EEBD00076A331 /* AsyncImage.swift */; };
		D6942BE9240C782400027E0F /* SystemEventsHandler.swift in Sources */ = {isa = PBXBuildFile; fileRef = D6942BE8240C782400027E0F /* SystemEventsHandler.swift */; };
		D6942BEC240C7F5400027E0F /* SystemEventsHandlerTests.swift in Sources */ = {isa = PBXBuildFile; fileRef = D6942BEB240C7F5400027E0F /* SystemEventsHandlerTests.swift */; };
		D69F49E8240342AE0006D88F /* DogImageListView.swift in Sources */ = {isa = PBXBuildFile; fileRef = D69F49E7240342AE0006D88F /* DogImageListView.swift */; };
		D69F49EC240344310006D88F /* DogImageListViewState.swift in Sources */ = {isa = PBXBuildFile; fileRef = D69F49EB240344310006D88F /* DogImageListViewState.swift */; };
		D69F49F024034D330006D88F /* DogImageItemViewState.swift in Sources */ = {isa = PBXBuildFile; fileRef = D69F49EF24034D330006D88F /* DogImageItemViewState.swift */; };
		D69FA2EA2401BE4500C37862 /* DogImage.swift in Sources */ = {isa = PBXBuildFile; fileRef = D69FA2E92401BE4500C37862 /* DogImage.swift */; };
		D69FA2EC2401BEED00C37862 /* BreedListViewStateTests.swift in Sources */ = {isa = PBXBuildFile; fileRef = D69FA2EB2401BEED00C37862 /* BreedListViewStateTests.swift */; };
		D69FA3212401C5A700C37862 /* URLSessionHTTPClient.swift in Sources */ = {isa = PBXBuildFile; fileRef = D69FA3202401C5A700C37862 /* URLSessionHTTPClient.swift */; };
		D69FA32B2401C6C300C37862 /* Breed.swift in Sources */ = {isa = PBXBuildFile; fileRef = D69FA32A2401C6C300C37862 /* Breed.swift */; };
		D69FA32D2401EF5800C37862 /* DogWebAPI.swift in Sources */ = {isa = PBXBuildFile; fileRef = D69FA32C2401EF5800C37862 /* DogWebAPI.swift */; };
		D69FA3312401F3C500C37862 /* HTTPClient.swift in Sources */ = {isa = PBXBuildFile; fileRef = D69FA3102401C29C00C37862 /* HTTPClient.swift */; };
		D6BB0145240889B9009ACEB7 /* Mock.swift in Sources */ = {isa = PBXBuildFile; fileRef = D6BB0144240889B9009ACEB7 /* Mock.swift */; };
		D6BB014724088BC7009ACEB7 /* MockedWebAPIs.swift in Sources */ = {isa = PBXBuildFile; fileRef = D6BB014624088BC7009ACEB7 /* MockedWebAPIs.swift */; };
		D6BB01492408945C009ACEB7 /* TestHelpers.swift in Sources */ = {isa = PBXBuildFile; fileRef = D6BB01482408945C009ACEB7 /* TestHelpers.swift */; };
		D6C1077C2409E6B8008D266D /* URLSessionHTTPClientTests.swift in Sources */ = {isa = PBXBuildFile; fileRef = D6C1077B2409E6B8008D266D /* URLSessionHTTPClientTests.swift */; };
		D6C1077E2409E786008D266D /* URLProtocolStub.swift in Sources */ = {isa = PBXBuildFile; fileRef = D6C1077D2409E786008D266D /* URLProtocolStub.swift */; };
		D6D2E6122401BD82008C7239 /* AppDelegate.swift in Sources */ = {isa = PBXBuildFile; fileRef = D6D2E6112401BD82008C7239 /* AppDelegate.swift */; };
		D6D2E6142401BD82008C7239 /* SceneDelegate.swift in Sources */ = {isa = PBXBuildFile; fileRef = D6D2E6132401BD82008C7239 /* SceneDelegate.swift */; };
		D6D2E6182401BD84008C7239 /* Assets.xcassets in Resources */ = {isa = PBXBuildFile; fileRef = D6D2E6172401BD84008C7239 /* Assets.xcassets */; };
		D6D2E61B2401BD84008C7239 /* Preview Assets.xcassets in Resources */ = {isa = PBXBuildFile; fileRef = D6D2E61A2401BD84008C7239 /* Preview Assets.xcassets */; };
		D6D2E61E2401BD84008C7239 /* LaunchScreen.storyboard in Resources */ = {isa = PBXBuildFile; fileRef = D6D2E61C2401BD84008C7239 /* LaunchScreen.storyboard */; };
		D6D91D382415D02300A006CB /* HTTPClientError.swift in Sources */ = {isa = PBXBuildFile; fileRef = D6D91D372415D02300A006CB /* HTTPClientError.swift */; };
		D6D91D3A2415D04B00A006CB /* Response.swift in Sources */ = {isa = PBXBuildFile; fileRef = D6D91D392415D04B00A006CB /* Response.swift */; };
		D6D91D3C2415D08E00A006CB /* FavoriteDogImageURLsMemoryStore.swift in Sources */ = {isa = PBXBuildFile; fileRef = D6D91D3B2415D08E00A006CB /* FavoriteDogImageURLsMemoryStore.swift */; };
		D6D91D4024160B0E00A006CB /* CacheError.swift in Sources */ = {isa = PBXBuildFile; fileRef = D6D91D3F24160B0E00A006CB /* CacheError.swift */; };
		D6D91D4224160B3700A006CB /* MemoryCache.swift in Sources */ = {isa = PBXBuildFile; fileRef = D6D91D4124160B3700A006CB /* MemoryCache.swift */; };
		D6D91D452416219900A006CB /* CachePolicy.swift in Sources */ = {isa = PBXBuildFile; fileRef = D6D91D442416219900A006CB /* CachePolicy.swift */; };
		D6DAC49D2411EBDD001A5351 /* DogImageListLoader.swift in Sources */ = {isa = PBXBuildFile; fileRef = D6DAC49C2411EBDD001A5351 /* DogImageListLoader.swift */; };
		D6DAC49F2411F115001A5351 /* MockedFavoriteDogImageStore.swift in Sources */ = {isa = PBXBuildFile; fileRef = D6DAC49E2411F115001A5351 /* MockedFavoriteDogImageStore.swift */; };
		D6DAC4A12411F2E0001A5351 /* DogImageListFavoriteImageStoreTests.swift in Sources */ = {isa = PBXBuildFile; fileRef = D6DAC4A02411F2E0001A5351 /* DogImageListFavoriteImageStoreTests.swift */; };
		D6DC71652403C181007A5C6F /* SearchBarTests.swift in Sources */ = {isa = PBXBuildFile; fileRef = D6DC71642403C181007A5C6F /* SearchBarTests.swift */; };
		D6DC716824049711007A5C6F /* Binding+.swift in Sources */ = {isa = PBXBuildFile; fileRef = D6DC716724049711007A5C6F /* Binding+.swift */; };
		D6DC716A2404D90C007A5C6F /* ImageDataWebAPI.swift in Sources */ = {isa = PBXBuildFile; fileRef = D6DC71692404D90C007A5C6F /* ImageDataWebAPI.swift */; };
		D6DF3E932409033E0003168D /* DogImageListInteractorTests.swift in Sources */ = {isa = PBXBuildFile; fileRef = D6DF3E922409033E0003168D /* DogImageListInteractorTests.swift */; };
		D6F24A8C24036BCA00EDD0EA /* DogImageCollection.swift in Sources */ = {isa = PBXBuildFile; fileRef = D6F24A8B24036BCA00EDD0EA /* DogImageCollection.swift */; };
		D6FC0B9B24123E410002AD65 /* DogImageItem.swift in Sources */ = {isa = PBXBuildFile; fileRef = D6FC0B9A24123E410002AD65 /* DogImageItem.swift */; };
/* End PBXBuildFile section */

/* Begin PBXContainerItemProxy section */
		D6D2E6252401BD84008C7239 /* PBXContainerItemProxy */ = {
			isa = PBXContainerItemProxy;
			containerPortal = D6D2E6062401BD82008C7239 /* Project object */;
			proxyType = 1;
			remoteGlobalIDString = D6D2E60D2401BD82008C7239;
			remoteInfo = DogCollection;
		};
/* End PBXContainerItemProxy section */

/* Begin PBXCopyFilesBuildPhase section */
		D69FA30C2401C28600C37862 /* Embed Frameworks */ = {
			isa = PBXCopyFilesBuildPhase;
			buildActionMask = 2147483647;
			dstPath = "";
			dstSubfolderSpec = 10;
			files = (
			);
			name = "Embed Frameworks";
			runOnlyForDeploymentPostprocessing = 0;
		};
/* End PBXCopyFilesBuildPhase section */

/* Begin PBXFileReference section */
		D636F923240655AB004C7715 /* DIContainer.swift */ = {isa = PBXFileReference; fileEncoding = 4; lastKnownFileType = sourcecode.swift; path = DIContainer.swift; sourceTree = "<group>"; };
		D636F9262406566F004C7715 /* AppEnvironment.swift */ = {isa = PBXFileReference; fileEncoding = 4; lastKnownFileType = sourcecode.swift; path = AppEnvironment.swift; sourceTree = "<group>"; };
		D636F9292406584F004C7715 /* ImageDataInteractor.swift */ = {isa = PBXFileReference; fileEncoding = 4; lastKnownFileType = sourcecode.swift; path = ImageDataInteractor.swift; sourceTree = "<group>"; };
		D636F934240733B9004C7715 /* Helpers.swift */ = {isa = PBXFileReference; lastKnownFileType = sourcecode.swift; path = Helpers.swift; sourceTree = "<group>"; };
		D636F93624073619004C7715 /* AppState.swift */ = {isa = PBXFileReference; lastKnownFileType = sourcecode.swift; path = AppState.swift; sourceTree = "<group>"; };
		D636F93824073B7A004C7715 /* Loadable.swift */ = {isa = PBXFileReference; lastKnownFileType = sourcecode.swift; path = Loadable.swift; sourceTree = "<group>"; };
		D636F93A24073DE5004C7715 /* BreedListInteractor.swift */ = {isa = PBXFileReference; lastKnownFileType = sourcecode.swift; path = BreedListInteractor.swift; sourceTree = "<group>"; };
		D636F93C24073E67004C7715 /* DogImageListInteractor.swift */ = {isa = PBXFileReference; lastKnownFileType = sourcecode.swift; path = DogImageListInteractor.swift; sourceTree = "<group>"; };
		D636F93F24075FB8004C7715 /* ContentView.swift */ = {isa = PBXFileReference; lastKnownFileType = sourcecode.swift; path = ContentView.swift; sourceTree = "<group>"; };
		D647CC2224085CC300F86F58 /* BreedListInteractorTests.swift */ = {isa = PBXFileReference; lastKnownFileType = sourcecode.swift; path = BreedListInteractorTests.swift; sourceTree = "<group>"; };
		D649C5A224020B040053CDD7 /* BreedListViewState.swift */ = {isa = PBXFileReference; lastKnownFileType = sourcecode.swift; path = BreedListViewState.swift; sourceTree = "<group>"; };
		D649C5A724020BF30053CDD7 /* BreedListView.swift */ = {isa = PBXFileReference; lastKnownFileType = sourcecode.swift; path = BreedListView.swift; sourceTree = "<group>"; };
		D649C5AA24020C800053CDD7 /* SearchBar.swift */ = {isa = PBXFileReference; lastKnownFileType = sourcecode.swift; path = SearchBar.swift; sourceTree = "<group>"; };
		D649C5AC2402104A0053CDD7 /* ActivityIndicator.swift */ = {isa = PBXFileReference; lastKnownFileType = sourcecode.swift; path = ActivityIndicator.swift; sourceTree = "<group>"; };
		D649C5AF240211850053CDD7 /* ErrorView.swift */ = {isa = PBXFileReference; lastKnownFileType = sourcecode.swift; path = ErrorView.swift; sourceTree = "<group>"; };
		D649C5B1240213090053CDD7 /* LoadingView.swift */ = {isa = PBXFileReference; lastKnownFileType = sourcecode.swift; path = LoadingView.swift; sourceTree = "<group>"; };
		D649C5B624024A0B0053CDD7 /* BreedRow.swift */ = {isa = PBXFileReference; lastKnownFileType = sourcecode.swift; path = BreedRow.swift; sourceTree = "<group>"; };
		D649C5B824024A930053CDD7 /* BreedListResultView.swift */ = {isa = PBXFileReference; lastKnownFileType = sourcecode.swift; path = BreedListResultView.swift; sourceTree = "<group>"; };
		D64A6E68240A0A8200E6AE89 /* LoadableTests.swift */ = {isa = PBXFileReference; lastKnownFileType = sourcecode.swift; path = LoadableTests.swift; sourceTree = "<group>"; };
		D64A6E6B240AFE3C00E6AE89 /* DogImageDataCache.swift */ = {isa = PBXFileReference; lastKnownFileType = sourcecode.swift; path = DogImageDataCache.swift; sourceTree = "<group>"; };
		D64A6E6D240B00F800E6AE89 /* DogImageDataMemoryCache.swift */ = {isa = PBXFileReference; lastKnownFileType = sourcecode.swift; path = DogImageDataMemoryCache.swift; sourceTree = "<group>"; };
		D64A6E70240B32CB00E6AE89 /* ImageDataMemoryCacheTests.swift */ = {isa = PBXFileReference; lastKnownFileType = sourcecode.swift; path = ImageDataMemoryCacheTests.swift; sourceTree = "<group>"; };
		D64A6E72240B44E500E6AE89 /* ImageDataInteractorTests.swift */ = {isa = PBXFileReference; lastKnownFileType = sourcecode.swift; path = ImageDataInteractorTests.swift; sourceTree = "<group>"; };
		D64A6E74240B462300E6AE89 /* MockedLocalCaches.swift */ = {isa = PBXFileReference; lastKnownFileType = sourcecode.swift; path = MockedLocalCaches.swift; sourceTree = "<group>"; };
		D64AD3E524103D37000A7138 /* FavoriteBadge.swift */ = {isa = PBXFileReference; lastKnownFileType = sourcecode.swift; path = FavoriteBadge.swift; sourceTree = "<group>"; };
		D64AD3E724119246000A7138 /* FavoriteDogImageURLsStore.swift */ = {isa = PBXFileReference; lastKnownFileType = sourcecode.swift; path = FavoriteDogImageURLsStore.swift; sourceTree = "<group>"; };
		D64AD3EB2411DCD4000A7138 /* DogCollection.entitlements */ = {isa = PBXFileReference; lastKnownFileType = text.plist.entitlements; path = DogCollection.entitlements; sourceTree = "<group>"; };
		D64AD3EE2411E2C2000A7138 /* Realm.framework */ = {isa = PBXFileReference; lastKnownFileType = wrapper.framework; name = Realm.framework; path = Carthage/Build/iOS/Realm.framework; sourceTree = "<group>"; };
		D64AD3EF2411E2C2000A7138 /* RealmSwift.framework */ = {isa = PBXFileReference; lastKnownFileType = wrapper.framework; name = RealmSwift.framework; path = Carthage/Build/iOS/RealmSwift.framework; sourceTree = "<group>"; };
		D64C344724077DD700FDEFB9 /* WebAPI.swift */ = {isa = PBXFileReference; lastKnownFileType = sourcecode.swift; path = WebAPI.swift; sourceTree = "<group>"; };
		D64C34492407A8B500FDEFB9 /* BreedListLoader.swift */ = {isa = PBXFileReference; lastKnownFileType = sourcecode.swift; path = BreedListLoader.swift; sourceTree = "<group>"; };
		D64C344D2407AA9C00FDEFB9 /* ImageDataLoader.swift */ = {isa = PBXFileReference; lastKnownFileType = sourcecode.swift; path = ImageDataLoader.swift; sourceTree = "<group>"; };
		D655EE7A2414641200E33C98 /* CollectionView.swift */ = {isa = PBXFileReference; lastKnownFileType = sourcecode.swift; path = CollectionView.swift; sourceTree = "<group>"; };
		D660FCFD240EEBD00076A331 /* AsyncImage.swift */ = {isa = PBXFileReference; lastKnownFileType = sourcecode.swift; path = AsyncImage.swift; sourceTree = "<group>"; };
		D6942BE8240C782400027E0F /* SystemEventsHandler.swift */ = {isa = PBXFileReference; fileEncoding = 4; lastKnownFileType = sourcecode.swift; path = SystemEventsHandler.swift; sourceTree = "<group>"; };
		D6942BEB240C7F5400027E0F /* SystemEventsHandlerTests.swift */ = {isa = PBXFileReference; lastKnownFileType = sourcecode.swift; path = SystemEventsHandlerTests.swift; sourceTree = "<group>"; };
		D69F49E7240342AE0006D88F /* DogImageListView.swift */ = {isa = PBXFileReference; lastKnownFileType = sourcecode.swift; path = DogImageListView.swift; sourceTree = "<group>"; };
		D69F49EB240344310006D88F /* DogImageListViewState.swift */ = {isa = PBXFileReference; lastKnownFileType = sourcecode.swift; path = DogImageListViewState.swift; sourceTree = "<group>"; };
		D69F49EF24034D330006D88F /* DogImageItemViewState.swift */ = {isa = PBXFileReference; lastKnownFileType = sourcecode.swift; path = DogImageItemViewState.swift; sourceTree = "<group>"; };
		D69FA2E92401BE4500C37862 /* DogImage.swift */ = {isa = PBXFileReference; lastKnownFileType = sourcecode.swift; path = DogImage.swift; sourceTree = "<group>"; };
		D69FA2EB2401BEED00C37862 /* BreedListViewStateTests.swift */ = {isa = PBXFileReference; lastKnownFileType = sourcecode.swift; path = BreedListViewStateTests.swift; sourceTree = "<group>"; };
		D69FA3102401C29C00C37862 /* HTTPClient.swift */ = {isa = PBXFileReference; fileEncoding = 4; lastKnownFileType = sourcecode.swift; path = HTTPClient.swift; sourceTree = "<group>"; };
		D69FA3202401C5A700C37862 /* URLSessionHTTPClient.swift */ = {isa = PBXFileReference; lastKnownFileType = sourcecode.swift; path = URLSessionHTTPClient.swift; sourceTree = "<group>"; };
		D69FA32A2401C6C300C37862 /* Breed.swift */ = {isa = PBXFileReference; lastKnownFileType = sourcecode.swift; path = Breed.swift; sourceTree = "<group>"; };
		D69FA32C2401EF5800C37862 /* DogWebAPI.swift */ = {isa = PBXFileReference; lastKnownFileType = sourcecode.swift; path = DogWebAPI.swift; sourceTree = "<group>"; };
		D6BB0144240889B9009ACEB7 /* Mock.swift */ = {isa = PBXFileReference; lastKnownFileType = sourcecode.swift; path = Mock.swift; sourceTree = "<group>"; };
		D6BB014624088BC7009ACEB7 /* MockedWebAPIs.swift */ = {isa = PBXFileReference; lastKnownFileType = sourcecode.swift; path = MockedWebAPIs.swift; sourceTree = "<group>"; };
		D6BB01482408945C009ACEB7 /* TestHelpers.swift */ = {isa = PBXFileReference; lastKnownFileType = sourcecode.swift; path = TestHelpers.swift; sourceTree = "<group>"; };
		D6C1077B2409E6B8008D266D /* URLSessionHTTPClientTests.swift */ = {isa = PBXFileReference; lastKnownFileType = sourcecode.swift; path = URLSessionHTTPClientTests.swift; sourceTree = "<group>"; };
		D6C1077D2409E786008D266D /* URLProtocolStub.swift */ = {isa = PBXFileReference; lastKnownFileType = sourcecode.swift; path = URLProtocolStub.swift; sourceTree = "<group>"; };
		D6D2E60E2401BD82008C7239 /* DogCollection.app */ = {isa = PBXFileReference; explicitFileType = wrapper.application; includeInIndex = 0; path = DogCollection.app; sourceTree = BUILT_PRODUCTS_DIR; };
		D6D2E6112401BD82008C7239 /* AppDelegate.swift */ = {isa = PBXFileReference; lastKnownFileType = sourcecode.swift; path = AppDelegate.swift; sourceTree = "<group>"; };
		D6D2E6132401BD82008C7239 /* SceneDelegate.swift */ = {isa = PBXFileReference; lastKnownFileType = sourcecode.swift; path = SceneDelegate.swift; sourceTree = "<group>"; };
		D6D2E6172401BD84008C7239 /* Assets.xcassets */ = {isa = PBXFileReference; lastKnownFileType = folder.assetcatalog; path = Assets.xcassets; sourceTree = "<group>"; };
		D6D2E61A2401BD84008C7239 /* Preview Assets.xcassets */ = {isa = PBXFileReference; lastKnownFileType = folder.assetcatalog; path = "Preview Assets.xcassets"; sourceTree = "<group>"; };
		D6D2E61D2401BD84008C7239 /* Base */ = {isa = PBXFileReference; lastKnownFileType = file.storyboard; name = Base; path = Base.lproj/LaunchScreen.storyboard; sourceTree = "<group>"; };
		D6D2E61F2401BD84008C7239 /* Info.plist */ = {isa = PBXFileReference; lastKnownFileType = text.plist.xml; path = Info.plist; sourceTree = "<group>"; };
		D6D2E6242401BD84008C7239 /* DogCollectionTests.xctest */ = {isa = PBXFileReference; explicitFileType = wrapper.cfbundle; includeInIndex = 0; path = DogCollectionTests.xctest; sourceTree = BUILT_PRODUCTS_DIR; };
		D6D2E62A2401BD84008C7239 /* Info.plist */ = {isa = PBXFileReference; lastKnownFileType = text.plist.xml; path = Info.plist; sourceTree = "<group>"; };
		D6D91D372415D02300A006CB /* HTTPClientError.swift */ = {isa = PBXFileReference; lastKnownFileType = sourcecode.swift; path = HTTPClientError.swift; sourceTree = "<group>"; };
		D6D91D392415D04B00A006CB /* Response.swift */ = {isa = PBXFileReference; lastKnownFileType = sourcecode.swift; path = Response.swift; sourceTree = "<group>"; };
		D6D91D3B2415D08E00A006CB /* FavoriteDogImageURLsMemoryStore.swift */ = {isa = PBXFileReference; lastKnownFileType = sourcecode.swift; path = FavoriteDogImageURLsMemoryStore.swift; sourceTree = "<group>"; };
		D6D91D3F24160B0E00A006CB /* CacheError.swift */ = {isa = PBXFileReference; lastKnownFileType = sourcecode.swift; path = CacheError.swift; sourceTree = "<group>"; };
		D6D91D4124160B3700A006CB /* MemoryCache.swift */ = {isa = PBXFileReference; lastKnownFileType = sourcecode.swift; path = MemoryCache.swift; sourceTree = "<group>"; };
		D6D91D442416219900A006CB /* CachePolicy.swift */ = {isa = PBXFileReference; lastKnownFileType = sourcecode.swift; path = CachePolicy.swift; sourceTree = "<group>"; };
		D6DAC49C2411EBDD001A5351 /* DogImageListLoader.swift */ = {isa = PBXFileReference; fileEncoding = 4; lastKnownFileType = sourcecode.swift; path = DogImageListLoader.swift; sourceTree = "<group>"; };
		D6DAC49E2411F115001A5351 /* MockedFavoriteDogImageStore.swift */ = {isa = PBXFileReference; lastKnownFileType = sourcecode.swift; path = MockedFavoriteDogImageStore.swift; sourceTree = "<group>"; };
		D6DAC4A02411F2E0001A5351 /* DogImageListFavoriteImageStoreTests.swift */ = {isa = PBXFileReference; lastKnownFileType = sourcecode.swift; path = DogImageListFavoriteImageStoreTests.swift; sourceTree = "<group>"; };
		D6DC71642403C181007A5C6F /* SearchBarTests.swift */ = {isa = PBXFileReference; lastKnownFileType = sourcecode.swift; path = SearchBarTests.swift; sourceTree = "<group>"; };
		D6DC716724049711007A5C6F /* Binding+.swift */ = {isa = PBXFileReference; lastKnownFileType = sourcecode.swift; path = "Binding+.swift"; sourceTree = "<group>"; };
		D6DC71692404D90C007A5C6F /* ImageDataWebAPI.swift */ = {isa = PBXFileReference; lastKnownFileType = sourcecode.swift; path = ImageDataWebAPI.swift; sourceTree = "<group>"; };
		D6DF3E922409033E0003168D /* DogImageListInteractorTests.swift */ = {isa = PBXFileReference; lastKnownFileType = sourcecode.swift; path = DogImageListInteractorTests.swift; sourceTree = "<group>"; };
		D6F24A8B24036BCA00EDD0EA /* DogImageCollection.swift */ = {isa = PBXFileReference; lastKnownFileType = sourcecode.swift; path = DogImageCollection.swift; sourceTree = "<group>"; };
		D6FC0B9A24123E410002AD65 /* DogImageItem.swift */ = {isa = PBXFileReference; lastKnownFileType = sourcecode.swift; path = DogImageItem.swift; sourceTree = "<group>"; };
/* End PBXFileReference section */

/* Begin PBXFrameworksBuildPhase section */
		D6D2E60B2401BD82008C7239 /* Frameworks */ = {
			isa = PBXFrameworksBuildPhase;
			buildActionMask = 2147483647;
			files = (
			);
			runOnlyForDeploymentPostprocessing = 0;
		};
		D6D2E6212401BD84008C7239 /* Frameworks */ = {
			isa = PBXFrameworksBuildPhase;
			buildActionMask = 2147483647;
			files = (
			);
			runOnlyForDeploymentPostprocessing = 0;
		};
/* End PBXFrameworksBuildPhase section */

/* Begin PBXGroup section */
		D636F920240636A3004C7715 /* WebAPI */ = {
			isa = PBXGroup;
			children = (
				D64C34492407A8B500FDEFB9 /* BreedListLoader.swift */,
				D6DAC49C2411EBDD001A5351 /* DogImageListLoader.swift */,
				D69FA32C2401EF5800C37862 /* DogWebAPI.swift */,
				D64C344D2407AA9C00FDEFB9 /* ImageDataLoader.swift */,
				D6DC71692404D90C007A5C6F /* ImageDataWebAPI.swift */,
			);
			path = WebAPI;
			sourceTree = "<group>";
		};
		D636F922240655AB004C7715 /* DI */ = {
			isa = PBXGroup;
			children = (
				D636F93624073619004C7715 /* AppState.swift */,
				D636F923240655AB004C7715 /* DIContainer.swift */,
			);
			path = DI;
			sourceTree = "<group>";
		};
		D636F9252406566F004C7715 /* System */ = {
			isa = PBXGroup;
			children = (
				D6D2E6112401BD82008C7239 /* AppDelegate.swift */,
				D636F9262406566F004C7715 /* AppEnvironment.swift */,
				D6D2E6132401BD82008C7239 /* SceneDelegate.swift */,
				D6942BE8240C782400027E0F /* SystemEventsHandler.swift */,
			);
			path = System;
			sourceTree = "<group>";
		};
		D636F9282406584F004C7715 /* Interactors */ = {
			isa = PBXGroup;
			children = (
				D636F93A24073DE5004C7715 /* BreedListInteractor.swift */,
				D636F93C24073E67004C7715 /* DogImageListInteractor.swift */,
				D636F9292406584F004C7715 /* ImageDataInteractor.swift */,
				D6D91D442416219900A006CB /* CachePolicy.swift */,
			);
			path = Interactors;
			sourceTree = "<group>";
		};
		D636F93324073371004C7715 /* Utilities */ = {
			isa = PBXGroup;
			children = (
				D636F934240733B9004C7715 /* Helpers.swift */,
				D636F93824073B7A004C7715 /* Loadable.swift */,
				D64C344724077DD700FDEFB9 /* WebAPI.swift */,
			);
			path = Utilities;
			sourceTree = "<group>";
		};
		D636F93E2407545A004C7715 /* Interactors */ = {
			isa = PBXGroup;
			children = (
				D647CC2224085CC300F86F58 /* BreedListInteractorTests.swift */,
				D6DF3E922409033E0003168D /* DogImageListInteractorTests.swift */,
				D64A6E72240B44E500E6AE89 /* ImageDataInteractorTests.swift */,
				D6DAC4A02411F2E0001A5351 /* DogImageListFavoriteImageStoreTests.swift */,
			);
			path = Interactors;
			sourceTree = "<group>";
		};
		D649C5A124020AED0053CDD7 /* ViewState */ = {
			isa = PBXGroup;
			children = (
				D649C5A224020B040053CDD7 /* BreedListViewState.swift */,
				D69F49EB240344310006D88F /* DogImageListViewState.swift */,
				D69F49EF24034D330006D88F /* DogImageItemViewState.swift */,
			);
			path = ViewState;
			sourceTree = "<group>";
		};
		D649C5A624020BDD0053CDD7 /* Views */ = {
			isa = PBXGroup;
			children = (
				D69F49E6240342970006D88F /* DogImageList */,
				D649C5B3240249B10053CDD7 /* BreedList */,
				D649C5AE2402114C0053CDD7 /* Common */,
				D649C5A924020C640053CDD7 /* Components */,
				D636F93F24075FB8004C7715 /* ContentView.swift */,
			);
			path = Views;
			sourceTree = "<group>";
		};
		D649C5A924020C640053CDD7 /* Components */ = {
			isa = PBXGroup;
			children = (
				D649C5AA24020C800053CDD7 /* SearchBar.swift */,
				D649C5AC2402104A0053CDD7 /* ActivityIndicator.swift */,
			);
			path = Components;
			sourceTree = "<group>";
		};
		D649C5AE2402114C0053CDD7 /* Common */ = {
			isa = PBXGroup;
			children = (
				D649C5AF240211850053CDD7 /* ErrorView.swift */,
				D649C5B1240213090053CDD7 /* LoadingView.swift */,
				D660FCFD240EEBD00076A331 /* AsyncImage.swift */,
				D655EE7A2414641200E33C98 /* CollectionView.swift */,
			);
			path = Common;
			sourceTree = "<group>";
		};
		D649C5B3240249B10053CDD7 /* BreedList */ = {
			isa = PBXGroup;
			children = (
				D649C5A724020BF30053CDD7 /* BreedListView.swift */,
				D649C5B624024A0B0053CDD7 /* BreedRow.swift */,
				D649C5B824024A930053CDD7 /* BreedListResultView.swift */,
			);
			path = BreedList;
			sourceTree = "<group>";
		};
		D64A6E6A240AFE0700E6AE89 /* DogImageDataCache */ = {
			isa = PBXGroup;
			children = (
				D64A6E6B240AFE3C00E6AE89 /* DogImageDataCache.swift */,
				D64A6E6D240B00F800E6AE89 /* DogImageDataMemoryCache.swift */,
			);
			path = DogImageDataCache;
			sourceTree = "<group>";
		};
		D64A6E6F240B2FB100E6AE89 /* DogImageDataCache */ = {
			isa = PBXGroup;
			children = (
				D64A6E70240B32CB00E6AE89 /* ImageDataMemoryCacheTests.swift */,
			);
			path = DogImageDataCache;
			sourceTree = "<group>";
		};
		D64AD3EA2411DAE1000A7138 /* FavoriteDogImageURLsStore */ = {
			isa = PBXGroup;
			children = (
				D64AD3E724119246000A7138 /* FavoriteDogImageURLsStore.swift */,
				D6D91D3B2415D08E00A006CB /* FavoriteDogImageURLsMemoryStore.swift */,
			);
			path = FavoriteDogImageURLsStore;
			sourceTree = "<group>";
		};
		D64AD3ED2411E2C2000A7138 /* Frameworks */ = {
			isa = PBXGroup;
			children = (
				D64AD3EE2411E2C2000A7138 /* Realm.framework */,
				D64AD3EF2411E2C2000A7138 /* RealmSwift.framework */,
			);
			name = Frameworks;
			sourceTree = "<group>";
		};
		D6942BEA240C7ED500027E0F /* Systems */ = {
			isa = PBXGroup;
			children = (
				D6942BEB240C7F5400027E0F /* SystemEventsHandlerTests.swift */,
			);
			path = Systems;
			sourceTree = "<group>";
		};
		D69F49E6240342970006D88F /* DogImageList */ = {
			isa = PBXGroup;
			children = (
				D69F49E7240342AE0006D88F /* DogImageListView.swift */,
				D6F24A8B24036BCA00EDD0EA /* DogImageCollection.swift */,
				D64AD3E524103D37000A7138 /* FavoriteBadge.swift */,
				D6FC0B9A24123E410002AD65 /* DogImageItem.swift */,
			);
			path = DogImageList;
			sourceTree = "<group>";
		};
		D69FA2E82401BE1B00C37862 /* Models */ = {
			isa = PBXGroup;
			children = (
				D69FA2E92401BE4500C37862 /* DogImage.swift */,
				D69FA32A2401C6C300C37862 /* Breed.swift */,
			);
			path = Models;
			sourceTree = "<group>";
		};
		D69FA31F2401C59300C37862 /* Repositories */ = {
			isa = PBXGroup;
			children = (
				D6D91D4324160E8B00A006CB /* LocalCache */,
				D64A6E6A240AFE0700E6AE89 /* DogImageDataCache */,
				D64AD3EA2411DAE1000A7138 /* FavoriteDogImageURLsStore */,
				D6D91D362415C92700A006CB /* HTTPClient */,
				D636F920240636A3004C7715 /* WebAPI */,
			);
			path = Repositories;
			sourceTree = "<group>";
		};
		D6BB0143240888DB009ACEB7 /* Mocks */ = {
			isa = PBXGroup;
			children = (
				D6BB0144240889B9009ACEB7 /* Mock.swift */,
				D6BB014624088BC7009ACEB7 /* MockedWebAPIs.swift */,
				D6C1077D2409E786008D266D /* URLProtocolStub.swift */,
				D64A6E74240B462300E6AE89 /* MockedLocalCaches.swift */,
				D6DAC49E2411F115001A5351 /* MockedFavoriteDogImageStore.swift */,
			);
			path = Mocks;
			sourceTree = "<group>";
		};
		D6C107792409E668008D266D /* Repository */ = {
			isa = PBXGroup;
			children = (
				D64A6E6F240B2FB100E6AE89 /* DogImageDataCache */,
				D6C1077A2409E67B008D266D /* HTTPClient */,
			);
			path = Repository;
			sourceTree = "<group>";
		};
		D6C1077A2409E67B008D266D /* HTTPClient */ = {
			isa = PBXGroup;
			children = (
				D6C1077B2409E6B8008D266D /* URLSessionHTTPClientTests.swift */,
			);
			path = HTTPClient;
			sourceTree = "<group>";
		};
		D6D2E6052401BD82008C7239 = {
			isa = PBXGroup;
			children = (
				D6D2E6102401BD82008C7239 /* DogCollection */,
				D6D2E6272401BD84008C7239 /* DogCollectionTests */,
				D6D2E60F2401BD82008C7239 /* Products */,
				D64AD3ED2411E2C2000A7138 /* Frameworks */,
			);
			sourceTree = "<group>";
		};
		D6D2E60F2401BD82008C7239 /* Products */ = {
			isa = PBXGroup;
			children = (
				D6D2E60E2401BD82008C7239 /* DogCollection.app */,
				D6D2E6242401BD84008C7239 /* DogCollectionTests.xctest */,
			);
			name = Products;
			sourceTree = "<group>";
		};
		D6D2E6102401BD82008C7239 /* DogCollection */ = {
			isa = PBXGroup;
			children = (
				D64AD3EB2411DCD4000A7138 /* DogCollection.entitlements */,
				D6D2E61F2401BD84008C7239 /* Info.plist */,
				D6D2E6172401BD84008C7239 /* Assets.xcassets */,
				D636F922240655AB004C7715 /* DI */,
				D6DC716624049696007A5C6F /* Extensions */,
				D636F9282406584F004C7715 /* Interactors */,
				D6D2E61C2401BD84008C7239 /* LaunchScreen.storyboard */,
				D69FA2E82401BE1B00C37862 /* Models */,
				D6D2E6192401BD84008C7239 /* Preview Content */,
				D69FA31F2401C59300C37862 /* Repositories */,
				D636F9252406566F004C7715 /* System */,
				D636F93324073371004C7715 /* Utilities */,
				D649C5A624020BDD0053CDD7 /* Views */,
				D649C5A124020AED0053CDD7 /* ViewState */,
			);
			path = DogCollection;
			sourceTree = "<group>";
		};
		D6D2E6192401BD84008C7239 /* Preview Content */ = {
			isa = PBXGroup;
			children = (
				D6D2E61A2401BD84008C7239 /* Preview Assets.xcassets */,
			);
			path = "Preview Content";
			sourceTree = "<group>";
		};
		D6D2E6272401BD84008C7239 /* DogCollectionTests */ = {
			isa = PBXGroup;
			children = (
				D6D2E62A2401BD84008C7239 /* Info.plist */,
				D64A6E68240A0A8200E6AE89 /* LoadableTests.swift */,
				D6BB01482408945C009ACEB7 /* TestHelpers.swift */,
				D636F93E2407545A004C7715 /* Interactors */,
				D6BB0143240888DB009ACEB7 /* Mocks */,
				D6C107792409E668008D266D /* Repository */,
				D6942BEA240C7ED500027E0F /* Systems */,
				D6DC71622403C162007A5C6F /* Views */,
				D6DC71612403C152007A5C6F /* ViewStates */,
			);
			path = DogCollectionTests;
			sourceTree = "<group>";
		};
		D6D91D362415C92700A006CB /* HTTPClient */ = {
			isa = PBXGroup;
			children = (
				D69FA3102401C29C00C37862 /* HTTPClient.swift */,
				D6D91D372415D02300A006CB /* HTTPClientError.swift */,
				D6D91D392415D04B00A006CB /* Response.swift */,
				D69FA3202401C5A700C37862 /* URLSessionHTTPClient.swift */,
			);
			path = HTTPClient;
			sourceTree = "<group>";
		};
		D6D91D4324160E8B00A006CB /* LocalCache */ = {
			isa = PBXGroup;
			children = (
				D6D91D3F24160B0E00A006CB /* CacheError.swift */,
				D6D91D4124160B3700A006CB /* MemoryCache.swift */,
			);
			path = LocalCache;
			sourceTree = "<group>";
		};
		D6DC71612403C152007A5C6F /* ViewStates */ = {
			isa = PBXGroup;
			children = (
				D69FA2EB2401BEED00C37862 /* BreedListViewStateTests.swift */,
			);
			path = ViewStates;
			sourceTree = "<group>";
		};
		D6DC71622403C162007A5C6F /* Views */ = {
			isa = PBXGroup;
			children = (
				D6DC71632403C169007A5C6F /* Components */,
			);
			path = Views;
			sourceTree = "<group>";
		};
		D6DC71632403C169007A5C6F /* Components */ = {
			isa = PBXGroup;
			children = (
				D6DC71642403C181007A5C6F /* SearchBarTests.swift */,
			);
			path = Components;
			sourceTree = "<group>";
		};
		D6DC716624049696007A5C6F /* Extensions */ = {
			isa = PBXGroup;
			children = (
				D6DC716724049711007A5C6F /* Binding+.swift */,
			);
			path = Extensions;
			sourceTree = "<group>";
		};
/* End PBXGroup section */

/* Begin PBXNativeTarget section */
		D6D2E60D2401BD82008C7239 /* DogCollection */ = {
			isa = PBXNativeTarget;
			buildConfigurationList = D6D2E62D2401BD84008C7239 /* Build configuration list for PBXNativeTarget "DogCollection" */;
			buildPhases = (
				D6D2E60A2401BD82008C7239 /* Sources */,
				D6D2E60B2401BD82008C7239 /* Frameworks */,
				D6D2E60C2401BD82008C7239 /* Resources */,
				D69FA30C2401C28600C37862 /* Embed Frameworks */,
			);
			buildRules = (
			);
			dependencies = (
			);
			name = DogCollection;
			productName = DogCollection;
			productReference = D6D2E60E2401BD82008C7239 /* DogCollection.app */;
			productType = "com.apple.product-type.application";
		};
		D6D2E6232401BD84008C7239 /* DogCollectionTests */ = {
			isa = PBXNativeTarget;
			buildConfigurationList = D6D2E6302401BD84008C7239 /* Build configuration list for PBXNativeTarget "DogCollectionTests" */;
			buildPhases = (
				D6D2E6202401BD84008C7239 /* Sources */,
				D6D2E6212401BD84008C7239 /* Frameworks */,
				D6D2E6222401BD84008C7239 /* Resources */,
			);
			buildRules = (
			);
			dependencies = (
				D6D2E6262401BD84008C7239 /* PBXTargetDependency */,
			);
			name = DogCollectionTests;
			productName = DogCollectionTests;
			productReference = D6D2E6242401BD84008C7239 /* DogCollectionTests.xctest */;
			productType = "com.apple.product-type.bundle.unit-test";
		};
/* End PBXNativeTarget section */

/* Begin PBXProject section */
		D6D2E6062401BD82008C7239 /* Project object */ = {
			isa = PBXProject;
			attributes = {
				LastSwiftUpdateCheck = 1140;
				LastUpgradeCheck = 1140;
				ORGANIZATIONNAME = shiz;
				TargetAttributes = {
					D6D2E60D2401BD82008C7239 = {
						CreatedOnToolsVersion = 11.4;
					};
					D6D2E6232401BD84008C7239 = {
						CreatedOnToolsVersion = 11.4;
						TestTargetID = D6D2E60D2401BD82008C7239;
					};
				};
			};
			buildConfigurationList = D6D2E6092401BD82008C7239 /* Build configuration list for PBXProject "DogCollection" */;
			compatibilityVersion = "Xcode 9.3";
			developmentRegion = en;
			hasScannedForEncodings = 0;
			knownRegions = (
				en,
				Base,
			);
			mainGroup = D6D2E6052401BD82008C7239;
			productRefGroup = D6D2E60F2401BD82008C7239 /* Products */;
			projectDirPath = "";
			projectRoot = "";
			targets = (
				D6D2E60D2401BD82008C7239 /* DogCollection */,
				D6D2E6232401BD84008C7239 /* DogCollectionTests */,
			);
		};
/* End PBXProject section */

/* Begin PBXResourcesBuildPhase section */
		D6D2E60C2401BD82008C7239 /* Resources */ = {
			isa = PBXResourcesBuildPhase;
			buildActionMask = 2147483647;
			files = (
				D6D2E61E2401BD84008C7239 /* LaunchScreen.storyboard in Resources */,
				D6D2E61B2401BD84008C7239 /* Preview Assets.xcassets in Resources */,
				D6D2E6182401BD84008C7239 /* Assets.xcassets in Resources */,
			);
			runOnlyForDeploymentPostprocessing = 0;
		};
		D6D2E6222401BD84008C7239 /* Resources */ = {
			isa = PBXResourcesBuildPhase;
			buildActionMask = 2147483647;
			files = (
			);
			runOnlyForDeploymentPostprocessing = 0;
		};
/* End PBXResourcesBuildPhase section */

/* Begin PBXSourcesBuildPhase section */
		D6D2E60A2401BD82008C7239 /* Sources */ = {
			isa = PBXSourcesBuildPhase;
			buildActionMask = 2147483647;
			files = (
				D649C5B924024A930053CDD7 /* BreedListResultView.swift in Sources */,
				D636F924240655AB004C7715 /* DIContainer.swift in Sources */,
				D69F49E8240342AE0006D88F /* DogImageListView.swift in Sources */,
				D6D2E6122401BD82008C7239 /* AppDelegate.swift in Sources */,
				D6D2E6142401BD82008C7239 /* SceneDelegate.swift in Sources */,
				D636F9272406566F004C7715 /* AppEnvironment.swift in Sources */,
				D69FA2EA2401BE4500C37862 /* DogImage.swift in Sources */,
				D64AD3E824119246000A7138 /* FavoriteDogImageURLsStore.swift in Sources */,
				D6DC716824049711007A5C6F /* Binding+.swift in Sources */,
				D6D91D3C2415D08E00A006CB /* FavoriteDogImageURLsMemoryStore.swift in Sources */,
				D649C5B724024A0B0053CDD7 /* BreedRow.swift in Sources */,
				D69FA3212401C5A700C37862 /* URLSessionHTTPClient.swift in Sources */,
				D649C5AD2402104A0053CDD7 /* ActivityIndicator.swift in Sources */,
				D64C344E2407AA9C00FDEFB9 /* ImageDataLoader.swift in Sources */,
				D6942BE9240C782400027E0F /* SystemEventsHandler.swift in Sources */,
				D6D91D4024160B0E00A006CB /* CacheError.swift in Sources */,
				D64AD3E624103D37000A7138 /* FavoriteBadge.swift in Sources */,
				D636F94024075FB8004C7715 /* ContentView.swift in Sources */,
				D69FA32D2401EF5800C37862 /* DogWebAPI.swift in Sources */,
				D649C5AB24020C800053CDD7 /* SearchBar.swift in Sources */,
				D636F93D24073E67004C7715 /* DogImageListInteractor.swift in Sources */,
				D69FA3312401F3C500C37862 /* HTTPClient.swift in Sources */,
				D636F92A24065850004C7715 /* ImageDataInteractor.swift in Sources */,
				D6F24A8C24036BCA00EDD0EA /* DogImageCollection.swift in Sources */,
				D649C5B2240213090053CDD7 /* LoadingView.swift in Sources */,
				D649C5A824020BF30053CDD7 /* BreedListView.swift in Sources */,
				D6D91D382415D02300A006CB /* HTTPClientError.swift in Sources */,
				D6FC0B9B24123E410002AD65 /* DogImageItem.swift in Sources */,
				D69FA32B2401C6C300C37862 /* Breed.swift in Sources */,
				D649C5B0240211850053CDD7 /* ErrorView.swift in Sources */,
				D660FCFE240EEBD00076A331 /* AsyncImage.swift in Sources */,
				D636F935240733B9004C7715 /* Helpers.swift in Sources */,
				D6D91D452416219900A006CB /* CachePolicy.swift in Sources */,
				D636F93724073619004C7715 /* AppState.swift in Sources */,
				D655EE7B2414641200E33C98 /* CollectionView.swift in Sources */,
				D6DAC49D2411EBDD001A5351 /* DogImageListLoader.swift in Sources */,
				D64A6E6E240B00F800E6AE89 /* DogImageDataMemoryCache.swift in Sources */,
				D636F93924073B7A004C7715 /* Loadable.swift in Sources */,
				D69F49EC240344310006D88F /* DogImageListViewState.swift in Sources */,
				D69F49F024034D330006D88F /* DogImageItemViewState.swift in Sources */,
				D64A6E6C240AFE3C00E6AE89 /* DogImageDataCache.swift in Sources */,
				D6DC716A2404D90C007A5C6F /* ImageDataWebAPI.swift in Sources */,
				D649C5A324020B040053CDD7 /* BreedListViewState.swift in Sources */,
				D6D91D3A2415D04B00A006CB /* Response.swift in Sources */,
				D636F93B24073DE5004C7715 /* BreedListInteractor.swift in Sources */,
				D64C344824077DD700FDEFB9 /* WebAPI.swift in Sources */,
				D6D91D4224160B3700A006CB /* MemoryCache.swift in Sources */,
				D64C344A2407A8B500FDEFB9 /* BreedListLoader.swift in Sources */,
			);
			runOnlyForDeploymentPostprocessing = 0;
		};
		D6D2E6202401BD84008C7239 /* Sources */ = {
			isa = PBXSourcesBuildPhase;
			buildActionMask = 2147483647;
			files = (
				D6DAC4A12411F2E0001A5351 /* DogImageListFavoriteImageStoreTests.swift in Sources */,
				D64A6E73240B44E500E6AE89 /* ImageDataInteractorTests.swift in Sources */,
				D6DC71652403C181007A5C6F /* SearchBarTests.swift in Sources */,
				D6942BEC240C7F5400027E0F /* SystemEventsHandlerTests.swift in Sources */,
				D64A6E69240A0A8200E6AE89 /* LoadableTests.swift in Sources */,
				D64A6E75240B462300E6AE89 /* MockedLocalCaches.swift in Sources */,
				D69FA2EC2401BEED00C37862 /* BreedListViewStateTests.swift in Sources */,
				D64A6E71240B32CB00E6AE89 /* ImageDataMemoryCacheTests.swift in Sources */,
				D6DAC49F2411F115001A5351 /* MockedFavoriteDogImageStore.swift in Sources */,
				D6BB014724088BC7009ACEB7 /* MockedWebAPIs.swift in Sources */,
				D6DF3E932409033E0003168D /* DogImageListInteractorTests.swift in Sources */,
				D647CC2324085CC300F86F58 /* BreedListInteractorTests.swift in Sources */,
				D6BB0145240889B9009ACEB7 /* Mock.swift in Sources */,
				D6C1077E2409E786008D266D /* URLProtocolStub.swift in Sources */,
				D6BB01492408945C009ACEB7 /* TestHelpers.swift in Sources */,
				D6C1077C2409E6B8008D266D /* URLSessionHTTPClientTests.swift in Sources */,
			);
			runOnlyForDeploymentPostprocessing = 0;
		};
/* End PBXSourcesBuildPhase section */

/* Begin PBXTargetDependency section */
		D6D2E6262401BD84008C7239 /* PBXTargetDependency */ = {
			isa = PBXTargetDependency;
			target = D6D2E60D2401BD82008C7239 /* DogCollection */;
			targetProxy = D6D2E6252401BD84008C7239 /* PBXContainerItemProxy */;
		};
/* End PBXTargetDependency section */

/* Begin PBXVariantGroup section */
		D6D2E61C2401BD84008C7239 /* LaunchScreen.storyboard */ = {
			isa = PBXVariantGroup;
			children = (
				D6D2E61D2401BD84008C7239 /* Base */,
			);
			name = LaunchScreen.storyboard;
			sourceTree = "<group>";
		};
/* End PBXVariantGroup section */

/* Begin XCBuildConfiguration section */
		D6D2E62B2401BD84008C7239 /* Debug */ = {
			isa = XCBuildConfiguration;
			buildSettings = {
				ALWAYS_SEARCH_USER_PATHS = NO;
				CLANG_ANALYZER_NONNULL = YES;
				CLANG_ANALYZER_NUMBER_OBJECT_CONVERSION = YES_AGGRESSIVE;
				CLANG_CXX_LANGUAGE_STANDARD = "gnu++14";
				CLANG_CXX_LIBRARY = "libc++";
				CLANG_ENABLE_MODULES = YES;
				CLANG_ENABLE_OBJC_ARC = YES;
				CLANG_ENABLE_OBJC_WEAK = YES;
				CLANG_WARN_BLOCK_CAPTURE_AUTORELEASING = YES;
				CLANG_WARN_BOOL_CONVERSION = YES;
				CLANG_WARN_COMMA = YES;
				CLANG_WARN_CONSTANT_CONVERSION = YES;
				CLANG_WARN_DEPRECATED_OBJC_IMPLEMENTATIONS = YES;
				CLANG_WARN_DIRECT_OBJC_ISA_USAGE = YES_ERROR;
				CLANG_WARN_DOCUMENTATION_COMMENTS = YES;
				CLANG_WARN_EMPTY_BODY = YES;
				CLANG_WARN_ENUM_CONVERSION = YES;
				CLANG_WARN_INFINITE_RECURSION = YES;
				CLANG_WARN_INT_CONVERSION = YES;
				CLANG_WARN_NON_LITERAL_NULL_CONVERSION = YES;
				CLANG_WARN_OBJC_IMPLICIT_RETAIN_SELF = YES;
				CLANG_WARN_OBJC_LITERAL_CONVERSION = YES;
				CLANG_WARN_OBJC_ROOT_CLASS = YES_ERROR;
				CLANG_WARN_RANGE_LOOP_ANALYSIS = YES;
				CLANG_WARN_STRICT_PROTOTYPES = YES;
				CLANG_WARN_SUSPICIOUS_MOVE = YES;
				CLANG_WARN_UNGUARDED_AVAILABILITY = YES_AGGRESSIVE;
				CLANG_WARN_UNREACHABLE_CODE = YES;
				CLANG_WARN__DUPLICATE_METHOD_MATCH = YES;
				COPY_PHASE_STRIP = NO;
				DEBUG_INFORMATION_FORMAT = dwarf;
				ENABLE_STRICT_OBJC_MSGSEND = YES;
				ENABLE_TESTABILITY = YES;
				GCC_C_LANGUAGE_STANDARD = gnu11;
				GCC_DYNAMIC_NO_PIC = NO;
				GCC_NO_COMMON_BLOCKS = YES;
				GCC_OPTIMIZATION_LEVEL = 0;
				GCC_PREPROCESSOR_DEFINITIONS = (
					"DEBUG=1",
					"$(inherited)",
				);
				GCC_WARN_64_TO_32_BIT_CONVERSION = YES;
				GCC_WARN_ABOUT_RETURN_TYPE = YES_ERROR;
				GCC_WARN_UNDECLARED_SELECTOR = YES;
				GCC_WARN_UNINITIALIZED_AUTOS = YES_AGGRESSIVE;
				GCC_WARN_UNUSED_FUNCTION = YES;
				GCC_WARN_UNUSED_VARIABLE = YES;
				IPHONEOS_DEPLOYMENT_TARGET = 13.0;
				MTL_ENABLE_DEBUG_INFO = INCLUDE_SOURCE;
				MTL_FAST_MATH = YES;
				ONLY_ACTIVE_ARCH = YES;
				SDKROOT = iphoneos;
				SWIFT_ACTIVE_COMPILATION_CONDITIONS = DEBUG;
				SWIFT_OPTIMIZATION_LEVEL = "-Onone";
			};
			name = Debug;
		};
		D6D2E62C2401BD84008C7239 /* Release */ = {
			isa = XCBuildConfiguration;
			buildSettings = {
				ALWAYS_SEARCH_USER_PATHS = NO;
				CLANG_ANALYZER_NONNULL = YES;
				CLANG_ANALYZER_NUMBER_OBJECT_CONVERSION = YES_AGGRESSIVE;
				CLANG_CXX_LANGUAGE_STANDARD = "gnu++14";
				CLANG_CXX_LIBRARY = "libc++";
				CLANG_ENABLE_MODULES = YES;
				CLANG_ENABLE_OBJC_ARC = YES;
				CLANG_ENABLE_OBJC_WEAK = YES;
				CLANG_WARN_BLOCK_CAPTURE_AUTORELEASING = YES;
				CLANG_WARN_BOOL_CONVERSION = YES;
				CLANG_WARN_COMMA = YES;
				CLANG_WARN_CONSTANT_CONVERSION = YES;
				CLANG_WARN_DEPRECATED_OBJC_IMPLEMENTATIONS = YES;
				CLANG_WARN_DIRECT_OBJC_ISA_USAGE = YES_ERROR;
				CLANG_WARN_DOCUMENTATION_COMMENTS = YES;
				CLANG_WARN_EMPTY_BODY = YES;
				CLANG_WARN_ENUM_CONVERSION = YES;
				CLANG_WARN_INFINITE_RECURSION = YES;
				CLANG_WARN_INT_CONVERSION = YES;
				CLANG_WARN_NON_LITERAL_NULL_CONVERSION = YES;
				CLANG_WARN_OBJC_IMPLICIT_RETAIN_SELF = YES;
				CLANG_WARN_OBJC_LITERAL_CONVERSION = YES;
				CLANG_WARN_OBJC_ROOT_CLASS = YES_ERROR;
				CLANG_WARN_RANGE_LOOP_ANALYSIS = YES;
				CLANG_WARN_STRICT_PROTOTYPES = YES;
				CLANG_WARN_SUSPICIOUS_MOVE = YES;
				CLANG_WARN_UNGUARDED_AVAILABILITY = YES_AGGRESSIVE;
				CLANG_WARN_UNREACHABLE_CODE = YES;
				CLANG_WARN__DUPLICATE_METHOD_MATCH = YES;
				COPY_PHASE_STRIP = NO;
				DEBUG_INFORMATION_FORMAT = "dwarf-with-dsym";
				ENABLE_NS_ASSERTIONS = NO;
				ENABLE_STRICT_OBJC_MSGSEND = YES;
				GCC_C_LANGUAGE_STANDARD = gnu11;
				GCC_NO_COMMON_BLOCKS = YES;
				GCC_WARN_64_TO_32_BIT_CONVERSION = YES;
				GCC_WARN_ABOUT_RETURN_TYPE = YES_ERROR;
				GCC_WARN_UNDECLARED_SELECTOR = YES;
				GCC_WARN_UNINITIALIZED_AUTOS = YES_AGGRESSIVE;
				GCC_WARN_UNUSED_FUNCTION = YES;
				GCC_WARN_UNUSED_VARIABLE = YES;
				IPHONEOS_DEPLOYMENT_TARGET = 13.0;
				MTL_ENABLE_DEBUG_INFO = NO;
				MTL_FAST_MATH = YES;
				SDKROOT = iphoneos;
				SWIFT_COMPILATION_MODE = wholemodule;
				SWIFT_OPTIMIZATION_LEVEL = "-O";
				VALIDATE_PRODUCT = YES;
			};
			name = Release;
		};
		D6D2E62E2401BD84008C7239 /* Debug */ = {
			isa = XCBuildConfiguration;
			buildSettings = {
				ALWAYS_EMBED_SWIFT_STANDARD_LIBRARIES = YES;
				ASSETCATALOG_COMPILER_APPICON_NAME = AppIcon;
				CODE_SIGN_ENTITLEMENTS = DogCollection/DogCollection.entitlements;
				CODE_SIGN_STYLE = Automatic;
				DEVELOPMENT_ASSET_PATHS = "\"DogCollection/Preview Content\"";
				DEVELOPMENT_TEAM = L8VFCZLW2Z;
				ENABLE_PREVIEWS = YES;
				FRAMEWORK_SEARCH_PATHS = "$(inherited)";
				INFOPLIST_FILE = DogCollection/Info.plist;
				LD_RUNPATH_SEARCH_PATHS = (
					"$(inherited)",
					"@executable_path/Frameworks",
				);
				PRODUCT_BUNDLE_IDENTIFIER = shiz.sample.DogCollection;
				PRODUCT_NAME = "$(TARGET_NAME)";
				SWIFT_VERSION = 5.0;
				TARGETED_DEVICE_FAMILY = "1,2";
			};
			name = Debug;
		};
		D6D2E62F2401BD84008C7239 /* Release */ = {
			isa = XCBuildConfiguration;
			buildSettings = {
				ALWAYS_EMBED_SWIFT_STANDARD_LIBRARIES = YES;
				ASSETCATALOG_COMPILER_APPICON_NAME = AppIcon;
				CODE_SIGN_ENTITLEMENTS = DogCollection/DogCollection.entitlements;
				CODE_SIGN_STYLE = Automatic;
				DEVELOPMENT_ASSET_PATHS = "\"DogCollection/Preview Content\"";
				DEVELOPMENT_TEAM = L8VFCZLW2Z;
				ENABLE_PREVIEWS = YES;
				FRAMEWORK_SEARCH_PATHS = "$(inherited)";
				INFOPLIST_FILE = DogCollection/Info.plist;
				LD_RUNPATH_SEARCH_PATHS = (
					"$(inherited)",
					"@executable_path/Frameworks",
				);
				PRODUCT_BUNDLE_IDENTIFIER = shiz.sample.DogCollection;
				PRODUCT_NAME = "$(TARGET_NAME)";
				SWIFT_VERSION = 5.0;
				TARGETED_DEVICE_FAMILY = "1,2";
			};
			name = Release;
		};
		D6D2E6312401BD84008C7239 /* Debug */ = {
			isa = XCBuildConfiguration;
			buildSettings = {
				ALWAYS_EMBED_SWIFT_STANDARD_LIBRARIES = YES;
				BUNDLE_LOADER = "$(TEST_HOST)";
				CODE_SIGN_STYLE = Automatic;
				DEVELOPMENT_TEAM = L8VFCZLW2Z;
				INFOPLIST_FILE = DogCollectionTests/Info.plist;
				IPHONEOS_DEPLOYMENT_TARGET = 13.0;
				LD_RUNPATH_SEARCH_PATHS = (
					"$(inherited)",
					"@executable_path/Frameworks",
					"@loader_path/Frameworks",
				);
				PRODUCT_BUNDLE_IDENTIFIER = shiz.sample.DogCollectionTests;
				PRODUCT_NAME = "$(TARGET_NAME)";
				SWIFT_VERSION = 5.0;
				TARGETED_DEVICE_FAMILY = "1,2";
				TEST_HOST = "$(BUILT_PRODUCTS_DIR)/DogCollection.app/DogCollection";
			};
			name = Debug;
		};
		D6D2E6322401BD84008C7239 /* Release */ = {
			isa = XCBuildConfiguration;
			buildSettings = {
				ALWAYS_EMBED_SWIFT_STANDARD_LIBRARIES = YES;
				BUNDLE_LOADER = "$(TEST_HOST)";
				CODE_SIGN_STYLE = Automatic;
				DEVELOPMENT_TEAM = L8VFCZLW2Z;
				INFOPLIST_FILE = DogCollectionTests/Info.plist;
				IPHONEOS_DEPLOYMENT_TARGET = 13.0;
				LD_RUNPATH_SEARCH_PATHS = (
					"$(inherited)",
					"@executable_path/Frameworks",
					"@loader_path/Frameworks",
				);
				PRODUCT_BUNDLE_IDENTIFIER = shiz.sample.DogCollectionTests;
				PRODUCT_NAME = "$(TARGET_NAME)";
				SWIFT_VERSION = 5.0;
				TARGETED_DEVICE_FAMILY = "1,2";
				TEST_HOST = "$(BUILT_PRODUCTS_DIR)/DogCollection.app/DogCollection";
			};
			name = Release;
		};
/* End XCBuildConfiguration section */

/* Begin XCConfigurationList section */
		D6D2E6092401BD82008C7239 /* Build configuration list for PBXProject "DogCollection" */ = {
			isa = XCConfigurationList;
			buildConfigurations = (
				D6D2E62B2401BD84008C7239 /* Debug */,
				D6D2E62C2401BD84008C7239 /* Release */,
			);
			defaultConfigurationIsVisible = 0;
			defaultConfigurationName = Release;
		};
		D6D2E62D2401BD84008C7239 /* Build configuration list for PBXNativeTarget "DogCollection" */ = {
			isa = XCConfigurationList;
			buildConfigurations = (
				D6D2E62E2401BD84008C7239 /* Debug */,
				D6D2E62F2401BD84008C7239 /* Release */,
			);
			defaultConfigurationIsVisible = 0;
			defaultConfigurationName = Release;
		};
		D6D2E6302401BD84008C7239 /* Build configuration list for PBXNativeTarget "DogCollectionTests" */ = {
			isa = XCConfigurationList;
			buildConfigurations = (
				D6D2E6312401BD84008C7239 /* Debug */,
				D6D2E6322401BD84008C7239 /* Release */,
			);
			defaultConfigurationIsVisible = 0;
			defaultConfigurationName = Release;
		};
/* End XCConfigurationList section */
	};
	rootObject = D6D2E6062401BD82008C7239 /* Project object */;
}
